// !$*UTF8*$!
{
	archiveVersion = 1;
	classes = {
	};
	objectVersion = 46;
	objects = {

/* Begin PBXBuildFile section */
		3DB513BC175AC0CE0087CB00 /* UIKit.framework in Frameworks */ = {isa = PBXBuildFile; fileRef = 3DB513BB175AC0CE0087CB00 /* UIKit.framework */; };
		3DB513BE175AC0CE0087CB00 /* Foundation.framework in Frameworks */ = {isa = PBXBuildFile; fileRef = 3DB513BD175AC0CE0087CB00 /* Foundation.framework */; };
		3DB513C0175AC0CE0087CB00 /* CoreGraphics.framework in Frameworks */ = {isa = PBXBuildFile; fileRef = 3DB513BF175AC0CE0087CB00 /* CoreGraphics.framework */; };
		3DB513C6175AC0CE0087CB00 /* InfoPlist.strings in Resources */ = {isa = PBXBuildFile; fileRef = 3DB513C4175AC0CE0087CB00 /* InfoPlist.strings */; };
		3DB513C8175AC0CE0087CB00 /* main.m in Sources */ = {isa = PBXBuildFile; fileRef = 3DB513C7175AC0CE0087CB00 /* main.m */; };
		3DB513CC175AC0CE0087CB00 /* AppDelegate.m in Sources */ = {isa = PBXBuildFile; fileRef = 3DB513CB175AC0CE0087CB00 /* AppDelegate.m */; };
		3DB513CE175AC0CE0087CB00 /* Default.png in Resources */ = {isa = PBXBuildFile; fileRef = 3DB513CD175AC0CE0087CB00 /* Default.png */; };
		3DB513D0175AC0CE0087CB00 /* Default@2x.png in Resources */ = {isa = PBXBuildFile; fileRef = 3DB513CF175AC0CE0087CB00 /* Default@2x.png */; };
		3DB513D2175AC0CE0087CB00 /* Default-568h@2x.png in Resources */ = {isa = PBXBuildFile; fileRef = 3DB513D1175AC0CE0087CB00 /* Default-568h@2x.png */; };
		3DB513D5175AC0CE0087CB00 /* MainStoryboard_iPhone.storyboard in Resources */ = {isa = PBXBuildFile; fileRef = 3DB513D3175AC0CE0087CB00 /* MainStoryboard_iPhone.storyboard */; };
		3DB513D8175AC0CE0087CB00 /* MainStoryboard_iPad.storyboard in Resources */ = {isa = PBXBuildFile; fileRef = 3DB513D6175AC0CE0087CB00 /* MainStoryboard_iPad.storyboard */; };
		3DB513DB175AC0CE0087CB00 /* ViewController.m in Sources */ = {isa = PBXBuildFile; fileRef = 3DB513DA175AC0CE0087CB00 /* ViewController.m */; };
/* End PBXBuildFile section */

/* Begin PBXFileReference section */
		3DB513B8175AC0CE0087CB00 /* Assignment5-6.app */ = {isa = PBXFileReference; explicitFileType = wrapper.application; includeInIndex = 0; path = "Assignment5-6.app"; sourceTree = BUILT_PRODUCTS_DIR; };
		3DB513BB175AC0CE0087CB00 /* UIKit.framework */ = {isa = PBXFileReference; lastKnownFileType = wrapper.framework; name = UIKit.framework; path = System/Library/Frameworks/UIKit.framework; sourceTree = SDKROOT; };
		3DB513BD175AC0CE0087CB00 /* Foundation.framework */ = {isa = PBXFileReference; lastKnownFileType = wrapper.framework; name = Foundation.framework; path = System/Library/Frameworks/Foundation.framework; sourceTree = SDKROOT; };
		3DB513BF175AC0CE0087CB00 /* CoreGraphics.framework */ = {isa = PBXFileReference; lastKnownFileType = wrapper.framework; name = CoreGraphics.framework; path = System/Library/Frameworks/CoreGraphics.framework; sourceTree = SDKROOT; };
		3DB513C3175AC0CE0087CB00 /* Assignment5-6-Info.plist */ = {isa = PBXFileReference; lastKnownFileType = text.plist.xml; path = "Assignment5-6-Info.plist"; sourceTree = "<group>"; };
		3DB513C5175AC0CE0087CB00 /* en */ = {isa = PBXFileReference; lastKnownFileType = text.plist.strings; name = en; path = en.lproj/InfoPlist.strings; sourceTree = "<group>"; };
		3DB513C7175AC0CE0087CB00 /* main.m */ = {isa = PBXFileReference; lastKnownFileType = sourcecode.c.objc; path = main.m; sourceTree = "<group>"; };
		3DB513C9175AC0CE0087CB00 /* Assignment5-6-Prefix.pch */ = {isa = PBXFileReference; lastKnownFileType = sourcecode.c.h; path = "Assignment5-6-Prefix.pch"; sourceTree = "<group>"; };
		3DB513CA175AC0CE0087CB00 /* AppDelegate.h */ = {isa = PBXFileReference; lastKnownFileType = sourcecode.c.h; path = AppDelegate.h; sourceTree = "<group>"; };
		3DB513CB175AC0CE0087CB00 /* AppDelegate.m */ = {isa = PBXFileReference; lastKnownFileType = sourcecode.c.objc; path = AppDelegate.m; sourceTree = "<group>"; };
		3DB513CD175AC0CE0087CB00 /* Default.png */ = {isa = PBXFileReference; lastKnownFileType = image.png; path = Default.png; sourceTree = "<group>"; };
		3DB513CF175AC0CE0087CB00 /* Default@2x.png */ = {isa = PBXFileReference; lastKnownFileType = image.png; path = "Default@2x.png"; sourceTree = "<group>"; };
		3DB513D1175AC0CE0087CB00 /* Default-568h@2x.png */ = {isa = PBXFileReference; lastKnownFileType = image.png; path = "Default-568h@2x.png"; sourceTree = "<group>"; };
		3DB513D4175AC0CE0087CB00 /* en */ = {isa = PBXFileReference; lastKnownFileType = file.storyboard; name = en; path = en.lproj/MainStoryboard_iPhone.storyboard; sourceTree = "<group>"; };
		3DB513D7175AC0CE0087CB00 /* en */ = {isa = PBXFileReference; lastKnownFileType = file.storyboard; name = en; path = en.lproj/MainStoryboard_iPad.storyboard; sourceTree = "<group>"; };
		3DB513D9175AC0CE0087CB00 /* ViewController.h */ = {isa = PBXFileReference; lastKnownFileType = sourcecode.c.h; path = ViewController.h; sourceTree = "<group>"; };
		3DB513DA175AC0CE0087CB00 /* ViewController.m */ = {isa = PBXFileReference; lastKnownFileType = sourcecode.c.objc; path = ViewController.m; sourceTree = "<group>"; };
/* End PBXFileReference section */

/* Begin PBXFrameworksBuildPhase section */
		3DB513B5175AC0CE0087CB00 /* Frameworks */ = {
			isa = PBXFrameworksBuildPhase;
			buildActionMask = 2147483647;
			files = (
				3DB513BC175AC0CE0087CB00 /* UIKit.framework in Frameworks */,
				3DB513BE175AC0CE0087CB00 /* Foundation.framework in Frameworks */,
				3DB513C0175AC0CE0087CB00 /* CoreGraphics.framework in Frameworks */,
			);
			runOnlyForDeploymentPostprocessing = 0;
		};
/* End PBXFrameworksBuildPhase section */

/* Begin PBXGroup section */
		3DB513AF175AC0CE0087CB00 = {
			isa = PBXGroup;
			children = (
				3DB513C1175AC0CE0087CB00 /* Assignment5-6 */,
				3DB513BA175AC0CE0087CB00 /* Frameworks */,
				3DB513B9175AC0CE0087CB00 /* Products */,
			);
			sourceTree = "<group>";
		};
		3DB513B9175AC0CE0087CB00 /* Products */ = {
			isa = PBXGroup;
			children = (
				3DB513B8175AC0CE0087CB00 /* Assignment5-6.app */,
			);
			name = Products;
			sourceTree = "<group>";
		};
		3DB513BA175AC0CE0087CB00 /* Frameworks */ = {
			isa = PBXGroup;
			children = (
				3DB513BB175AC0CE0087CB00 /* UIKit.framework */,
				3DB513BD175AC0CE0087CB00 /* Foundation.framework */,
				3DB513BF175AC0CE0087CB00 /* CoreGraphics.framework */,
			);
			name = Frameworks;
			sourceTree = "<group>";
		};
		3DB513C1175AC0CE0087CB00 /* Assignment5-6 */ = {
			isa = PBXGroup;
			children = (
				3DB513CA175AC0CE0087CB00 /* AppDelegate.h */,
				3DB513CB175AC0CE0087CB00 /* AppDelegate.m */,
				3DB513D3175AC0CE0087CB00 /* MainStoryboard_iPhone.storyboard */,
				3DB513D6175AC0CE0087CB00 /* MainStoryboard_iPad.storyboard */,
				3DB513D9175AC0CE0087CB00 /* ViewController.h */,
				3DB513DA175AC0CE0087CB00 /* ViewController.m */,
				3DB513C2175AC0CE0087CB00 /* Supporting Files */,
			);
			path = "Assignment5-6";
			sourceTree = "<group>";
		};
		3DB513C2175AC0CE0087CB00 /* Supporting Files */ = {
			isa = PBXGroup;
			children = (
				3DB513C3175AC0CE0087CB00 /* Assignment5-6-Info.plist */,
				3DB513C4175AC0CE0087CB00 /* InfoPlist.strings */,
				3DB513C7175AC0CE0087CB00 /* main.m */,
				3DB513C9175AC0CE0087CB00 /* Assignment5-6-Prefix.pch */,
				3DB513CD175AC0CE0087CB00 /* Default.png */,
				3DB513CF175AC0CE0087CB00 /* Default@2x.png */,
				3DB513D1175AC0CE0087CB00 /* Default-568h@2x.png */,
			);
			name = "Supporting Files";
			sourceTree = "<group>";
		};
/* End PBXGroup section */

/* Begin PBXNativeTarget section */
		3DB513B7175AC0CE0087CB00 /* Assignment5-6 */ = {
			isa = PBXNativeTarget;
			buildConfigurationList = 3DB513DE175AC0CE0087CB00 /* Build configuration list for PBXNativeTarget "Assignment5-6" */;
			buildPhases = (
				3DB513B4175AC0CE0087CB00 /* Sources */,
				3DB513B5175AC0CE0087CB00 /* Frameworks */,
				3DB513B6175AC0CE0087CB00 /* Resources */,
			);
			buildRules = (
			);
			dependencies = (
			);
			name = "Assignment5-6";
			productName = "Assignment5-6";
			productReference = 3DB513B8175AC0CE0087CB00 /* Assignment5-6.app */;
			productType = "com.apple.product-type.application";
		};
/* End PBXNativeTarget section */

/* Begin PBXProject section */
		3DB513B0175AC0CE0087CB00 /* Project object */ = {
			isa = PBXProject;
			attributes = {
				LastUpgradeCheck = 0460;
				ORGANIZATIONNAME = "William Chidyausiku";
			};
			buildConfigurationList = 3DB513B3175AC0CE0087CB00 /* Build configuration list for PBXProject "Assignment5-6" */;
			compatibilityVersion = "Xcode 3.2";
			developmentRegion = English;
			hasScannedForEncodings = 0;
			knownRegions = (
				en,
			);
			mainGroup = 3DB513AF175AC0CE0087CB00;
			productRefGroup = 3DB513B9175AC0CE0087CB00 /* Products */;
			projectDirPath = "";
			projectRoot = "";
			targets = (
				3DB513B7175AC0CE0087CB00 /* Assignment5-6 */,
			);
		};
/* End PBXProject section */

/* Begin PBXResourcesBuildPhase section */
		3DB513B6175AC0CE0087CB00 /* Resources */ = {
			isa = PBXResourcesBuildPhase;
			buildActionMask = 2147483647;
			files = (
				3DB513C6175AC0CE0087CB00 /* InfoPlist.strings in Resources */,
				3DB513CE175AC0CE0087CB00 /* Default.png in Resources */,
				3DB513D0175AC0CE0087CB00 /* Default@2x.png in Resources */,
				3DB513D2175AC0CE0087CB00 /* Default-568h@2x.png in Resources */,
				3DB513D5175AC0CE0087CB00 /* MainStoryboard_iPhone.storyboard in Resources */,
				3DB513D8175AC0CE0087CB00 /* MainStoryboard_iPad.storyboard in Resources */,
			);
			runOnlyForDeploymentPostprocessing = 0;
		};
/* End PBXResourcesBuildPhase section */

/* Begin PBXSourcesBuildPhase section */
		3DB513B4175AC0CE0087CB00 /* Sources */ = {
			isa = PBXSourcesBuildPhase;
			buildActionMask = 2147483647;
			files = (
				3DB513C8175AC0CE0087CB00 /* main.m in Sources */,
				3DB513CC175AC0CE0087CB00 /* AppDelegate.m in Sources */,
				3DB513DB175AC0CE0087CB00 /* ViewController.m in Sources */,
			);
			runOnlyForDeploymentPostprocessing = 0;
		};
/* End PBXSourcesBuildPhase section */

/* Begin PBXVariantGroup section */
		3DB513C4175AC0CE0087CB00 /* InfoPlist.strings */ = {
			isa = PBXVariantGroup;
			children = (
				3DB513C5175AC0CE0087CB00 /* en */,
			);
			name = InfoPlist.strings;
			sourceTree = "<group>";
		};
		3DB513D3175AC0CE0087CB00 /* MainStoryboard_iPhone.storyboard */ = {
			isa = PBXVariantGroup;
			children = (
				3DB513D4175AC0CE0087CB00 /* en */,
			);
			name = MainStoryboard_iPhone.storyboard;
			sourceTree = "<group>";
		};
		3DB513D6175AC0CE0087CB00 /* MainStoryboard_iPad.storyboard */ = {
			isa = PBXVariantGroup;
			children = (
				3DB513D7175AC0CE0087CB00 /* en */,
			);
			name = MainStoryboard_iPad.storyboard;
			sourceTree = "<group>";
		};
/* End PBXVariantGroup section */

/* Begin XCBuildConfiguration section */
		3DB513DC175AC0CE0087CB00 /* Debug */ = {
			isa = XCBuildConfiguration;
			buildSettings = {
				ALWAYS_SEARCH_USER_PATHS = NO;
				CLANG_CXX_LANGUAGE_STANDARD = "gnu++0x";
				CLANG_CXX_LIBRARY = "libc++";
				CLANG_ENABLE_OBJC_ARC = YES;
				CLANG_WARN_CONSTANT_CONVERSION = YES;
				CLANG_WARN_EMPTY_BODY = YES;
				CLANG_WARN_ENUM_CONVERSION = YES;
				CLANG_WARN_INT_CONVERSION = YES;
				CLANG_WARN__DUPLICATE_METHOD_MATCH = YES;
				"CODE_SIGN_IDENTITY[sdk=iphoneos*]" = "iPhone Developer";
				COPY_PHASE_STRIP = NO;
				GCC_C_LANGUAGE_STANDARD = gnu99;
				GCC_DYNAMIC_NO_PIC = NO;
				GCC_OPTIMIZATION_LEVEL = 0;
				GCC_PREPROCESSOR_DEFINITIONS = (
					"DEBUG=1",
					"$(inherited)",
				);
				GCC_SYMBOLS_PRIVATE_EXTERN = NO;
				GCC_WARN_ABOUT_RETURN_TYPE = YES;
				GCC_WARN_UNINITIALIZED_AUTOS = YES;
				GCC_WARN_UNUSED_VARIABLE = YES;
				IPHONEOS_DEPLOYMENT_TARGET = 6.1;
				ONLY_ACTIVE_ARCH = YES;
				SDKROOT = iphoneos;
				TARGETED_DEVICE_FAMILY = "1,2";
			};
			name = Debug;
		};
		3DB513DD175AC0CE0087CB00 /* Release */ = {
			isa = XCBuildConfiguration;
			buildSettings = {
				ALWAYS_SEARCH_USER_PATHS = NO;
				CLANG_CXX_LANGUAGE_STANDARD = "gnu++0x";
				CLANG_CXX_LIBRARY = "libc++";
				CLANG_ENABLE_OBJC_ARC = YES;
				CLANG_WARN_CONSTANT_CONVERSION = YES;
				CLANG_WARN_EMPTY_BODY = YES;
				CLANG_WARN_ENUM_CONVERSION = YES;
				CLANG_WARN_INT_CONVERSION = YES;
				CLANG_WARN__DUPLICATE_METHOD_MATCH = YES;
				"CODE_SIGN_IDENTITY[sdk=iphoneos*]" = "iPhone Developer";
				COPY_PHASE_STRIP = YES;
				GCC_C_LANGUAGE_STANDARD = gnu99;
				GCC_WARN_ABOUT_RETURN_TYPE = YES;
				GCC_WARN_UNINITIALIZED_AUTOS = YES;
				GCC_WARN_UNUSED_VARIABLE = YES;
				IPHONEOS_DEPLOYMENT_TARGET = 6.1;
				OTHER_CFLAGS = "-DNS_BLOCK_ASSERTIONS=1";
				SDKROOT = iphoneos;
				TARGETED_DEVICE_FAMILY = "1,2";
				VALIDATE_PRODUCT = YES;
			};
			name = Release;
		};
		3DB513DF175AC0CE0087CB00 /* Debug */ = {
			isa = XCBuildConfiguration;
			buildSettings = {
				GCC_PRECOMPILE_PREFIX_HEADER = YES;
				GCC_PREFIX_HEADER = "Assignment5-6/Assignment5-6-Prefix.pch";
				INFOPLIST_FILE = "Assignment5-6/Assignment5-6-Info.plist";
				PRODUCT_NAME = "$(TARGET_NAME)";
				WRAPPER_EXTENSION = app;
			};
			name = Debug;
		};
		3DB513E0175AC0CE0087CB00 /* Release */ = {
			isa = XCBuildConfiguration;
			buildSettings = {
				GCC_PRECOMPILE_PREFIX_HEADER = YES;
				GCC_PREFIX_HEADER = "Assignment5-6/Assignment5-6-Prefix.pch";
				INFOPLIST_FILE = "Assignment5-6/Assignment5-6-Info.plist";
				PRODUCT_NAME = "$(TARGET_NAME)";
				WRAPPER_EXTENSION = app;
			};
			name = Release;
		};
/* End XCBuildConfiguration section */

/* Begin XCConfigurationList section */
		3DB513B3175AC0CE0087CB00 /* Build configuration list for PBXProject "Assignment5-6" */ = {
			isa = XCConfigurationList;
			buildConfigurations = (
				3DB513DC175AC0CE0087CB00 /* Debug */,
				3DB513DD175AC0CE0087CB00 /* Release */,
			);
			defaultConfigurationIsVisible = 0;
			defaultConfigurationName = Release;
		};
		3DB513DE175AC0CE0087CB00 /* Build configuration list for PBXNativeTarget "Assignment5-6" */ = {
			isa = XCConfigurationList;
			buildConfigurations = (
				3DB513DF175AC0CE0087CB00 /* Debug */,
				3DB513E0175AC0CE0087CB00 /* Release */,
			);
			defaultConfigurationIsVisible = 0;
		};
/* End XCConfigurationList section */
	};
	rootObject = 3DB513B0175AC0CE0087CB00 /* Project object */;
}
