// !$*UTF8*$!
{
	archiveVersion = 1;
	classes = {
	};
	objectVersion = 46;
	objects = {

/* Begin PBXGroup section */
		3D0B3E391723D5BF002826E3 = {
			isa = PBXGroup;
			children = (
			);
			sourceTree = "<group>";
		};
/* End PBXGroup section */

/* Begin PBXProject section */
		3D0B3E3A1723D5BF002826E3 /* Project object */ = {
			isa = PBXProject;
			attributes = {
				LastUpgradeCheck = 0460;
			};
			buildConfigurationList = 3D0B3E3D1723D5BF002826E3 /* Build configuration list for PBXProject "sort.rb" */;
			compatibilityVersion = "Xcode 3.2";
			developmentRegion = English;
			hasScannedForEncodings = 0;
			knownRegions = (
				en,
			);
			mainGroup = 3D0B3E391723D5BF002826E3;
			projectDirPath = "";
			projectRoot = "";
			targets = (
			);
		};
/* End PBXProject section */

/* Begin XCBuildConfiguration section */
		3D0B3E3E1723D5BF002826E3 /* Debug */ = {
			isa = XCBuildConfiguration;
			buildSettings = {
			};
			name = Debug;
		};
		3D0B3E3F1723D5BF002826E3 /* Release */ = {
			isa = XCBuildConfiguration;
			buildSettings = {
			};
			name = Release;
		};
/* End XCBuildConfiguration section */

/* Begin XCConfigurationList section */
		3D0B3E3D1723D5BF002826E3 /* Build configuration list for PBXProject "sort.rb" */ = {
			isa = XCConfigurationList;
			buildConfigurations = (
				3D0B3E3E1723D5BF002826E3 /* Debug */,
				3D0B3E3F1723D5BF002826E3 /* Release */,
			);
			defaultConfigurationIsVisible = 0;
			defaultConfigurationName = Release;
		};
/* End XCConfigurationList section */
	};
	rootObject = 3D0B3E3A1723D5BF002826E3 /* Project object */;
}
